schema: '2.0'
stages:
  data_collection:
    cmd: python src/data_ingestion.py
    deps:
    - path: src/data_ingestion.py
      hash: md5
      md5: c46efcdef5ae3fc25b7475544fee5d88
      size: 2822
    outs:
    - path: data/raw
      hash: md5
      md5: 629c02d14e03fea62f64a54448b56702.dir
      size: 11259998
      nfiles: 1
  preprocess:
    cmd: python src/data_preprocessing.py
    deps:
    - path: data/raw/dataset.csv
      hash: md5
      md5: f23f9bd4b6ca5b455dd1fbb3dcc5b988
      size: 11259998
    - path: src/data_preprocessing.py
      hash: md5
      md5: ffe2b9a2993d5cf1a9c16b8c1dfc11c1
      size: 2830
    outs:
    - path: data/processed/dataset_processed.csv
      hash: md5
      md5: 552bc27bae9f04e3dfbf1d5c19a985ea
      size: 11251137
  train_model:
    cmd: python src/model_training.py
    deps:
    - path: data/processed/dataset_processed.csv
      hash: md5
      md5: 552bc27bae9f04e3dfbf1d5c19a985ea
      size: 11251137
    - path: src/model_training.py
      hash: md5
      md5: 816ca10ad582be87877b655bf8617856
      size: 3149
    outs:
    - path: models/xgb_model.pkl
      hash: md5
      md5: b0b559d8d2555491fcdb4cd2dccc6bfd
      size: 121387
